// !$*UTF8*$!
{
	archiveVersion = 1;
	classes = {
	};
	objectVersion = 51;
	objects = {

/* Begin PBXBuildFile section */
		3AD940843EE5FA8A172A61A4 /* Pods_DailyCook_DailyCookUITests.framework in Frameworks */ = {isa = PBXBuildFile; fileRef = C4D4C3B4B0A0945FA78020A3 /* Pods_DailyCook_DailyCookUITests.framework */; };
		6A9192EF60CB47EA7D266708 /* Pods_DailyCookTests.framework in Frameworks */ = {isa = PBXBuildFile; fileRef = 4F96A06FE68DA8D44FDA889D /* Pods_DailyCookTests.framework */; };
		8410DEF024F648DF0078B5AF /* AppDelegate.swift in Sources */ = {isa = PBXBuildFile; fileRef = 8410DEEF24F648DF0078B5AF /* AppDelegate.swift */; };
		8410DEF224F648DF0078B5AF /* SceneDelegate.swift in Sources */ = {isa = PBXBuildFile; fileRef = 8410DEF124F648DF0078B5AF /* SceneDelegate.swift */; };
		8410DEF424F648DF0078B5AF /* ContentView.swift in Sources */ = {isa = PBXBuildFile; fileRef = 8410DEF324F648DF0078B5AF /* ContentView.swift */; };
		8410DEF624F648E00078B5AF /* Assets.xcassets in Resources */ = {isa = PBXBuildFile; fileRef = 8410DEF524F648E00078B5AF /* Assets.xcassets */; };
		8410DEF924F648E00078B5AF /* Preview Assets.xcassets in Resources */ = {isa = PBXBuildFile; fileRef = 8410DEF824F648E00078B5AF /* Preview Assets.xcassets */; };
		8410DEFC24F648E00078B5AF /* LaunchScreen.storyboard in Resources */ = {isa = PBXBuildFile; fileRef = 8410DEFA24F648E00078B5AF /* LaunchScreen.storyboard */; };
		8410DF0724F648E00078B5AF /* DailyCookTests.swift in Sources */ = {isa = PBXBuildFile; fileRef = 8410DF0624F648E00078B5AF /* DailyCookTests.swift */; };
		8410DF1224F648E00078B5AF /* DailyCookUITests.swift in Sources */ = {isa = PBXBuildFile; fileRef = 8410DF1124F648E00078B5AF /* DailyCookUITests.swift */; };
		8410DF2724F651ED0078B5AF /* UILabel+Extension.swift in Sources */ = {isa = PBXBuildFile; fileRef = 8410DF2624F651ED0078B5AF /* UILabel+Extension.swift */; };
		8410DF2924F652740078B5AF /* UIColor+Extension.swift in Sources */ = {isa = PBXBuildFile; fileRef = 8410DF2824F652740078B5AF /* UIColor+Extension.swift */; };
		8410DF3024F6537E0078B5AF /* Color.swift in Sources */ = {isa = PBXBuildFile; fileRef = 8410DF2F24F6537E0078B5AF /* Color.swift */; };
		8410DF3224F655390078B5AF /* DevelopingViewController.swift in Sources */ = {isa = PBXBuildFile; fileRef = 8410DF3124F655390078B5AF /* DevelopingViewController.swift */; };
		8410DF3524F655B20078B5AF /* DeviceSize.swift in Sources */ = {isa = PBXBuildFile; fileRef = 8410DF3424F655B20078B5AF /* DeviceSize.swift */; };
		8410DF3724F656050078B5AF /* ViewConstructor.swift in Sources */ = {isa = PBXBuildFile; fileRef = 8410DF3624F656050078B5AF /* ViewConstructor.swift */; };
		8410DF3A24F6594C0078B5AF /* TabBarController.swift in Sources */ = {isa = PBXBuildFile; fileRef = 8410DF3924F6594C0078B5AF /* TabBarController.swift */; };
		846A595B24F73543003E3E66 /* RecipeListViewController.swift in Sources */ = {isa = PBXBuildFile; fileRef = 846A595A24F73543003E3E66 /* RecipeListViewController.swift */; };
		846A595D24F73557003E3E66 /* RecipeListReactor.swift in Sources */ = {isa = PBXBuildFile; fileRef = 846A595C24F73557003E3E66 /* RecipeListReactor.swift */; };
		846A596024F736CC003E3E66 /* RecipeListHeaderView.swift in Sources */ = {isa = PBXBuildFile; fileRef = 846A595F24F736CC003E3E66 /* RecipeListHeaderView.swift */; };
		846A596224F73B7D003E3E66 /* UIImage+Extension.swift in Sources */ = {isa = PBXBuildFile; fileRef = 846A596124F73B7D003E3E66 /* UIImage+Extension.swift */; };
		846A596424F7442A003E3E66 /* NotoSansCJKjp-Black.otf in Resources */ = {isa = PBXBuildFile; fileRef = 846A596324F7442A003E3E66 /* NotoSansCJKjp-Black.otf */; };
		846A596624F74438003E3E66 /* NotoSansCJKjp-Bold.otf in Resources */ = {isa = PBXBuildFile; fileRef = 846A596524F74438003E3E66 /* NotoSansCJKjp-Bold.otf */; };
		846A596824F74448003E3E66 /* NotoSansCJKjp-Medium.otf in Resources */ = {isa = PBXBuildFile; fileRef = 846A596724F74448003E3E66 /* NotoSansCJKjp-Medium.otf */; };
		846A596A24F74453003E3E66 /* NotoSansCJKjp-Regular.otf in Resources */ = {isa = PBXBuildFile; fileRef = 846A596924F74453003E3E66 /* NotoSansCJKjp-Regular.otf */; };
		846A596D24F745AE003E3E66 /* RecipeListCell.swift in Sources */ = {isa = PBXBuildFile; fileRef = 846A596C24F745AE003E3E66 /* RecipeListCell.swift */; };
		846A596F24F745BE003E3E66 /* RecipeListCellReactor.swift in Sources */ = {isa = PBXBuildFile; fileRef = 846A596E24F745BE003E3E66 /* RecipeListCellReactor.swift */; };
		846A597324F746DF003E3E66 /* Recipe.swift in Sources */ = {isa = PBXBuildFile; fileRef = 846A597224F746DF003E3E66 /* Recipe.swift */; };
		846A597524F75154003E3E66 /* TestData.swift in Sources */ = {isa = PBXBuildFile; fileRef = 846A597424F75154003E3E66 /* TestData.swift */; };
		846A597924F75C3C003E3E66 /* RecipeDetailViewController.swift in Sources */ = {isa = PBXBuildFile; fileRef = 846A597824F75C3C003E3E66 /* RecipeDetailViewController.swift */; };
		846A597B24F75C5C003E3E66 /* RecipeDetailReactor.swift in Sources */ = {isa = PBXBuildFile; fileRef = 846A597A24F75C5C003E3E66 /* RecipeDetailReactor.swift */; };
		846A597D24F75CFC003E3E66 /* RecipeDetail.swift in Sources */ = {isa = PBXBuildFile; fileRef = 846A597C24F75CFC003E3E66 /* RecipeDetail.swift */; };
		846A597F24F76121003E3E66 /* RecipeDetailHeaderView.swift in Sources */ = {isa = PBXBuildFile; fileRef = 846A597E24F76121003E3E66 /* RecipeDetailHeaderView.swift */; };
		846A598124F76B92003E3E66 /* RecipeUrlButton.swift in Sources */ = {isa = PBXBuildFile; fileRef = 846A598024F76B92003E3E66 /* RecipeUrlButton.swift */; };
		846A598324F76F43003E3E66 /* PostImageButton.swift in Sources */ = {isa = PBXBuildFile; fileRef = 846A598224F76F43003E3E66 /* PostImageButton.swift */; };
		846A598524F77344003E3E66 /* CookedRecipe.swift in Sources */ = {isa = PBXBuildFile; fileRef = 846A598424F77344003E3E66 /* CookedRecipe.swift */; };
		846A598824F7750F003E3E66 /* RecipeDetailCookedRecipeCell.swift in Sources */ = {isa = PBXBuildFile; fileRef = 846A598724F7750F003E3E66 /* RecipeDetailCookedRecipeCell.swift */; };
		846A598A24F77520003E3E66 /* RecipeDetailCookedRecipeReactor.swift in Sources */ = {isa = PBXBuildFile; fileRef = 846A598924F77520003E3E66 /* RecipeDetailCookedRecipeReactor.swift */; };
		846A598D24F77FDC003E3E66 /* CookedRecipeViewController.swift in Sources */ = {isa = PBXBuildFile; fileRef = 846A598C24F77FDC003E3E66 /* CookedRecipeViewController.swift */; };
		846A598F24F77FEF003E3E66 /* CookedRecipeReactor.swift in Sources */ = {isa = PBXBuildFile; fileRef = 846A598E24F77FEF003E3E66 /* CookedRecipeReactor.swift */; };
		A5798277AB0E421BA5230BB1 /* Pods_DailyCook.framework in Frameworks */ = {isa = PBXBuildFile; fileRef = A7157C6F578BA75A500991E0 /* Pods_DailyCook.framework */; };
/* End PBXBuildFile section */

/* Begin PBXContainerItemProxy section */
		8410DF0324F648E00078B5AF /* PBXContainerItemProxy */ = {
			isa = PBXContainerItemProxy;
			containerPortal = 8410DEE424F648DF0078B5AF /* Project object */;
			proxyType = 1;
			remoteGlobalIDString = 8410DEEB24F648DF0078B5AF;
			remoteInfo = DailyCook;
		};
		8410DF0E24F648E00078B5AF /* PBXContainerItemProxy */ = {
			isa = PBXContainerItemProxy;
			containerPortal = 8410DEE424F648DF0078B5AF /* Project object */;
			proxyType = 1;
			remoteGlobalIDString = 8410DEEB24F648DF0078B5AF;
			remoteInfo = DailyCook;
		};
/* End PBXContainerItemProxy section */

/* Begin PBXFileReference section */
		09FF4549516AEE325257E3AB /* Pods-DailyCookTests.release.xcconfig */ = {isa = PBXFileReference; includeInIndex = 1; lastKnownFileType = text.xcconfig; name = "Pods-DailyCookTests.release.xcconfig"; path = "Target Support Files/Pods-DailyCookTests/Pods-DailyCookTests.release.xcconfig"; sourceTree = "<group>"; };
		1037179C3D5033A7275F77BD /* Pods-DailyCook.release.xcconfig */ = {isa = PBXFileReference; includeInIndex = 1; lastKnownFileType = text.xcconfig; name = "Pods-DailyCook.release.xcconfig"; path = "Target Support Files/Pods-DailyCook/Pods-DailyCook.release.xcconfig"; sourceTree = "<group>"; };
		4F96A06FE68DA8D44FDA889D /* Pods_DailyCookTests.framework */ = {isa = PBXFileReference; explicitFileType = wrapper.framework; includeInIndex = 0; path = Pods_DailyCookTests.framework; sourceTree = BUILT_PRODUCTS_DIR; };
		52178E11061F20EBFB1CF9BD /* Pods-DailyCookTests.debug.xcconfig */ = {isa = PBXFileReference; includeInIndex = 1; lastKnownFileType = text.xcconfig; name = "Pods-DailyCookTests.debug.xcconfig"; path = "Target Support Files/Pods-DailyCookTests/Pods-DailyCookTests.debug.xcconfig"; sourceTree = "<group>"; };
		5C86D307C4D90914AD55A957 /* Pods-DailyCook-DailyCookUITests.release.xcconfig */ = {isa = PBXFileReference; includeInIndex = 1; lastKnownFileType = text.xcconfig; name = "Pods-DailyCook-DailyCookUITests.release.xcconfig"; path = "Target Support Files/Pods-DailyCook-DailyCookUITests/Pods-DailyCook-DailyCookUITests.release.xcconfig"; sourceTree = "<group>"; };
		8410DEEC24F648DF0078B5AF /* DailyCook.app */ = {isa = PBXFileReference; explicitFileType = wrapper.application; includeInIndex = 0; path = DailyCook.app; sourceTree = BUILT_PRODUCTS_DIR; };
		8410DEEF24F648DF0078B5AF /* AppDelegate.swift */ = {isa = PBXFileReference; lastKnownFileType = sourcecode.swift; path = AppDelegate.swift; sourceTree = "<group>"; };
		8410DEF124F648DF0078B5AF /* SceneDelegate.swift */ = {isa = PBXFileReference; lastKnownFileType = sourcecode.swift; path = SceneDelegate.swift; sourceTree = "<group>"; };
		8410DEF324F648DF0078B5AF /* ContentView.swift */ = {isa = PBXFileReference; lastKnownFileType = sourcecode.swift; path = ContentView.swift; sourceTree = "<group>"; };
		8410DEF524F648E00078B5AF /* Assets.xcassets */ = {isa = PBXFileReference; lastKnownFileType = folder.assetcatalog; path = Assets.xcassets; sourceTree = "<group>"; };
		8410DEF824F648E00078B5AF /* Preview Assets.xcassets */ = {isa = PBXFileReference; lastKnownFileType = folder.assetcatalog; path = "Preview Assets.xcassets"; sourceTree = "<group>"; };
		8410DEFB24F648E00078B5AF /* Base */ = {isa = PBXFileReference; lastKnownFileType = file.storyboard; name = Base; path = Base.lproj/LaunchScreen.storyboard; sourceTree = "<group>"; };
		8410DEFD24F648E00078B5AF /* Info.plist */ = {isa = PBXFileReference; lastKnownFileType = text.plist.xml; path = Info.plist; sourceTree = "<group>"; };
		8410DF0224F648E00078B5AF /* DailyCookTests.xctest */ = {isa = PBXFileReference; explicitFileType = wrapper.cfbundle; includeInIndex = 0; path = DailyCookTests.xctest; sourceTree = BUILT_PRODUCTS_DIR; };
		8410DF0624F648E00078B5AF /* DailyCookTests.swift */ = {isa = PBXFileReference; lastKnownFileType = sourcecode.swift; path = DailyCookTests.swift; sourceTree = "<group>"; };
		8410DF0824F648E00078B5AF /* Info.plist */ = {isa = PBXFileReference; lastKnownFileType = text.plist.xml; path = Info.plist; sourceTree = "<group>"; };
		8410DF0D24F648E00078B5AF /* DailyCookUITests.xctest */ = {isa = PBXFileReference; explicitFileType = wrapper.cfbundle; includeInIndex = 0; path = DailyCookUITests.xctest; sourceTree = BUILT_PRODUCTS_DIR; };
		8410DF1124F648E00078B5AF /* DailyCookUITests.swift */ = {isa = PBXFileReference; lastKnownFileType = sourcecode.swift; path = DailyCookUITests.swift; sourceTree = "<group>"; };
		8410DF1324F648E00078B5AF /* Info.plist */ = {isa = PBXFileReference; lastKnownFileType = text.plist.xml; path = Info.plist; sourceTree = "<group>"; };
		8410DF2624F651ED0078B5AF /* UILabel+Extension.swift */ = {isa = PBXFileReference; lastKnownFileType = sourcecode.swift; path = "UILabel+Extension.swift"; sourceTree = "<group>"; };
		8410DF2824F652740078B5AF /* UIColor+Extension.swift */ = {isa = PBXFileReference; lastKnownFileType = sourcecode.swift; path = "UIColor+Extension.swift"; sourceTree = "<group>"; };
		8410DF2F24F6537E0078B5AF /* Color.swift */ = {isa = PBXFileReference; lastKnownFileType = sourcecode.swift; path = Color.swift; sourceTree = "<group>"; };
		8410DF3124F655390078B5AF /* DevelopingViewController.swift */ = {isa = PBXFileReference; lastKnownFileType = sourcecode.swift; path = DevelopingViewController.swift; sourceTree = "<group>"; };
		8410DF3424F655B20078B5AF /* DeviceSize.swift */ = {isa = PBXFileReference; lastKnownFileType = sourcecode.swift; path = DeviceSize.swift; sourceTree = "<group>"; };
		8410DF3624F656050078B5AF /* ViewConstructor.swift */ = {isa = PBXFileReference; lastKnownFileType = sourcecode.swift; path = ViewConstructor.swift; sourceTree = "<group>"; };
		8410DF3924F6594C0078B5AF /* TabBarController.swift */ = {isa = PBXFileReference; lastKnownFileType = sourcecode.swift; path = TabBarController.swift; sourceTree = "<group>"; };
		846A595A24F73543003E3E66 /* RecipeListViewController.swift */ = {isa = PBXFileReference; lastKnownFileType = sourcecode.swift; path = RecipeListViewController.swift; sourceTree = "<group>"; };
		846A595C24F73557003E3E66 /* RecipeListReactor.swift */ = {isa = PBXFileReference; lastKnownFileType = sourcecode.swift; path = RecipeListReactor.swift; sourceTree = "<group>"; };
		846A595F24F736CC003E3E66 /* RecipeListHeaderView.swift */ = {isa = PBXFileReference; lastKnownFileType = sourcecode.swift; path = RecipeListHeaderView.swift; sourceTree = "<group>"; };
		846A596124F73B7D003E3E66 /* UIImage+Extension.swift */ = {isa = PBXFileReference; lastKnownFileType = sourcecode.swift; path = "UIImage+Extension.swift"; sourceTree = "<group>"; };
		846A596324F7442A003E3E66 /* NotoSansCJKjp-Black.otf */ = {isa = PBXFileReference; lastKnownFileType = file; path = "NotoSansCJKjp-Black.otf"; sourceTree = "<group>"; };
		846A596524F74438003E3E66 /* NotoSansCJKjp-Bold.otf */ = {isa = PBXFileReference; lastKnownFileType = file; path = "NotoSansCJKjp-Bold.otf"; sourceTree = "<group>"; };
		846A596724F74448003E3E66 /* NotoSansCJKjp-Medium.otf */ = {isa = PBXFileReference; lastKnownFileType = file; path = "NotoSansCJKjp-Medium.otf"; sourceTree = "<group>"; };
		846A596924F74453003E3E66 /* NotoSansCJKjp-Regular.otf */ = {isa = PBXFileReference; lastKnownFileType = file; path = "NotoSansCJKjp-Regular.otf"; sourceTree = "<group>"; };
		846A596C24F745AE003E3E66 /* RecipeListCell.swift */ = {isa = PBXFileReference; lastKnownFileType = sourcecode.swift; path = RecipeListCell.swift; sourceTree = "<group>"; };
		846A596E24F745BE003E3E66 /* RecipeListCellReactor.swift */ = {isa = PBXFileReference; lastKnownFileType = sourcecode.swift; path = RecipeListCellReactor.swift; sourceTree = "<group>"; };
		846A597224F746DF003E3E66 /* Recipe.swift */ = {isa = PBXFileReference; lastKnownFileType = sourcecode.swift; path = Recipe.swift; sourceTree = "<group>"; };
		846A597424F75154003E3E66 /* TestData.swift */ = {isa = PBXFileReference; lastKnownFileType = sourcecode.swift; path = TestData.swift; sourceTree = "<group>"; };
		846A597824F75C3C003E3E66 /* RecipeDetailViewController.swift */ = {isa = PBXFileReference; lastKnownFileType = sourcecode.swift; path = RecipeDetailViewController.swift; sourceTree = "<group>"; };
		846A597A24F75C5C003E3E66 /* RecipeDetailReactor.swift */ = {isa = PBXFileReference; lastKnownFileType = sourcecode.swift; path = RecipeDetailReactor.swift; sourceTree = "<group>"; };
		846A597C24F75CFC003E3E66 /* RecipeDetail.swift */ = {isa = PBXFileReference; lastKnownFileType = sourcecode.swift; path = RecipeDetail.swift; sourceTree = "<group>"; };
		846A597E24F76121003E3E66 /* RecipeDetailHeaderView.swift */ = {isa = PBXFileReference; lastKnownFileType = sourcecode.swift; path = RecipeDetailHeaderView.swift; sourceTree = "<group>"; };
		846A598024F76B92003E3E66 /* RecipeUrlButton.swift */ = {isa = PBXFileReference; lastKnownFileType = sourcecode.swift; path = RecipeUrlButton.swift; sourceTree = "<group>"; };
		846A598224F76F43003E3E66 /* PostImageButton.swift */ = {isa = PBXFileReference; lastKnownFileType = sourcecode.swift; path = PostImageButton.swift; sourceTree = "<group>"; };
		846A598424F77344003E3E66 /* CookedRecipe.swift */ = {isa = PBXFileReference; lastKnownFileType = sourcecode.swift; path = CookedRecipe.swift; sourceTree = "<group>"; };
		846A598724F7750F003E3E66 /* RecipeDetailCookedRecipeCell.swift */ = {isa = PBXFileReference; lastKnownFileType = sourcecode.swift; path = RecipeDetailCookedRecipeCell.swift; sourceTree = "<group>"; };
		846A598924F77520003E3E66 /* RecipeDetailCookedRecipeReactor.swift */ = {isa = PBXFileReference; lastKnownFileType = sourcecode.swift; path = RecipeDetailCookedRecipeReactor.swift; sourceTree = "<group>"; };
		846A598C24F77FDC003E3E66 /* CookedRecipeViewController.swift */ = {isa = PBXFileReference; lastKnownFileType = sourcecode.swift; path = CookedRecipeViewController.swift; sourceTree = "<group>"; };
		846A598E24F77FEF003E3E66 /* CookedRecipeReactor.swift */ = {isa = PBXFileReference; lastKnownFileType = sourcecode.swift; path = CookedRecipeReactor.swift; sourceTree = "<group>"; };
		A7157C6F578BA75A500991E0 /* Pods_DailyCook.framework */ = {isa = PBXFileReference; explicitFileType = wrapper.framework; includeInIndex = 0; path = Pods_DailyCook.framework; sourceTree = BUILT_PRODUCTS_DIR; };
		B33204B7D02D874C0B4D5D21 /* Pods-DailyCook-DailyCookUITests.debug.xcconfig */ = {isa = PBXFileReference; includeInIndex = 1; lastKnownFileType = text.xcconfig; name = "Pods-DailyCook-DailyCookUITests.debug.xcconfig"; path = "Target Support Files/Pods-DailyCook-DailyCookUITests/Pods-DailyCook-DailyCookUITests.debug.xcconfig"; sourceTree = "<group>"; };
		C4D4C3B4B0A0945FA78020A3 /* Pods_DailyCook_DailyCookUITests.framework */ = {isa = PBXFileReference; explicitFileType = wrapper.framework; includeInIndex = 0; path = Pods_DailyCook_DailyCookUITests.framework; sourceTree = BUILT_PRODUCTS_DIR; };
		FC8C50F6AC3CC44B9BE09573 /* Pods-DailyCook.debug.xcconfig */ = {isa = PBXFileReference; includeInIndex = 1; lastKnownFileType = text.xcconfig; name = "Pods-DailyCook.debug.xcconfig"; path = "Target Support Files/Pods-DailyCook/Pods-DailyCook.debug.xcconfig"; sourceTree = "<group>"; };
/* End PBXFileReference section */

/* Begin PBXFrameworksBuildPhase section */
		8410DEE924F648DF0078B5AF /* Frameworks */ = {
			isa = PBXFrameworksBuildPhase;
			buildActionMask = 2147483647;
			files = (
				A5798277AB0E421BA5230BB1 /* Pods_DailyCook.framework in Frameworks */,
			);
			runOnlyForDeploymentPostprocessing = 0;
		};
		8410DEFF24F648E00078B5AF /* Frameworks */ = {
			isa = PBXFrameworksBuildPhase;
			buildActionMask = 2147483647;
			files = (
				6A9192EF60CB47EA7D266708 /* Pods_DailyCookTests.framework in Frameworks */,
			);
			runOnlyForDeploymentPostprocessing = 0;
		};
		8410DF0A24F648E00078B5AF /* Frameworks */ = {
			isa = PBXFrameworksBuildPhase;
			buildActionMask = 2147483647;
			files = (
				3AD940843EE5FA8A172A61A4 /* Pods_DailyCook_DailyCookUITests.framework in Frameworks */,
			);
			runOnlyForDeploymentPostprocessing = 0;
		};
/* End PBXFrameworksBuildPhase section */

/* Begin PBXGroup section */
		51340F09598DE471A75FDCF9 /* Frameworks */ = {
			isa = PBXGroup;
			children = (
				A7157C6F578BA75A500991E0 /* Pods_DailyCook.framework */,
				C4D4C3B4B0A0945FA78020A3 /* Pods_DailyCook_DailyCookUITests.framework */,
				4F96A06FE68DA8D44FDA889D /* Pods_DailyCookTests.framework */,
			);
			name = Frameworks;
			sourceTree = "<group>";
		};
		8410DEE324F648DF0078B5AF = {
			isa = PBXGroup;
			children = (
				8410DEEE24F648DF0078B5AF /* DailyCook */,
				8410DF0524F648E00078B5AF /* DailyCookTests */,
				8410DF1024F648E00078B5AF /* DailyCookUITests */,
				8410DEED24F648DF0078B5AF /* Products */,
				E7D54B7B3DA1B33FE71B62D5 /* Pods */,
				51340F09598DE471A75FDCF9 /* Frameworks */,
			);
			sourceTree = "<group>";
		};
		8410DEED24F648DF0078B5AF /* Products */ = {
			isa = PBXGroup;
			children = (
				8410DEEC24F648DF0078B5AF /* DailyCook.app */,
				8410DF0224F648E00078B5AF /* DailyCookTests.xctest */,
				8410DF0D24F648E00078B5AF /* DailyCookUITests.xctest */,
			);
			name = Products;
			sourceTree = "<group>";
		};
		8410DEEE24F648DF0078B5AF /* DailyCook */ = {
			isa = PBXGroup;
			children = (
				846A597024F74684003E3E66 /* BusinessLogic */,
				8410DF3324F6557E0078B5AF /* Utilities */,
				8410DF2A24F652D20078B5AF /* UI */,
				8410DF2524F651C90078B5AF /* Extensions */,
				8410DF1F24F64F780078B5AF /* Resources */,
				8410DEEF24F648DF0078B5AF /* AppDelegate.swift */,
				8410DEF124F648DF0078B5AF /* SceneDelegate.swift */,
				8410DEF324F648DF0078B5AF /* ContentView.swift */,
				8410DEF524F648E00078B5AF /* Assets.xcassets */,
				8410DEFA24F648E00078B5AF /* LaunchScreen.storyboard */,
				8410DEFD24F648E00078B5AF /* Info.plist */,
				8410DEF724F648E00078B5AF /* Preview Content */,
				8410DF3124F655390078B5AF /* DevelopingViewController.swift */,
			);
			path = DailyCook;
			sourceTree = "<group>";
		};
		8410DEF724F648E00078B5AF /* Preview Content */ = {
			isa = PBXGroup;
			children = (
				8410DEF824F648E00078B5AF /* Preview Assets.xcassets */,
			);
			path = "Preview Content";
			sourceTree = "<group>";
		};
		8410DF0524F648E00078B5AF /* DailyCookTests */ = {
			isa = PBXGroup;
			children = (
				8410DF0624F648E00078B5AF /* DailyCookTests.swift */,
				8410DF0824F648E00078B5AF /* Info.plist */,
			);
			path = DailyCookTests;
			sourceTree = "<group>";
		};
		8410DF1024F648E00078B5AF /* DailyCookUITests */ = {
			isa = PBXGroup;
			children = (
				8410DF1124F648E00078B5AF /* DailyCookUITests.swift */,
				8410DF1324F648E00078B5AF /* Info.plist */,
			);
			path = DailyCookUITests;
			sourceTree = "<group>";
		};
		8410DF1F24F64F780078B5AF /* Resources */ = {
			isa = PBXGroup;
			children = (
				8410DF2024F64F9F0078B5AF /* Fonts */,
			);
			path = Resources;
			sourceTree = "<group>";
		};
		8410DF2024F64F9F0078B5AF /* Fonts */ = {
			isa = PBXGroup;
			children = (
				846A596324F7442A003E3E66 /* NotoSansCJKjp-Black.otf */,
				846A596524F74438003E3E66 /* NotoSansCJKjp-Bold.otf */,
				846A596724F74448003E3E66 /* NotoSansCJKjp-Medium.otf */,
				846A596924F74453003E3E66 /* NotoSansCJKjp-Regular.otf */,
			);
			path = Fonts;
			sourceTree = "<group>";
		};
		8410DF2524F651C90078B5AF /* Extensions */ = {
			isa = PBXGroup;
			children = (
				8410DF2624F651ED0078B5AF /* UILabel+Extension.swift */,
				8410DF2824F652740078B5AF /* UIColor+Extension.swift */,
				846A596124F73B7D003E3E66 /* UIImage+Extension.swift */,
			);
			path = Extensions;
			sourceTree = "<group>";
		};
		8410DF2A24F652D20078B5AF /* UI */ = {
			isa = PBXGroup;
			children = (
				8410DF2E24F653570078B5AF /* Pages */,
				8410DF2D24F653430078B5AF /* Organisms */,
				8410DF2C24F653280078B5AF /* Molecules */,
				8410DF2B24F652FB0078B5AF /* Atoms */,
			);
			path = UI;
			sourceTree = "<group>";
		};
		8410DF2B24F652FB0078B5AF /* Atoms */ = {
			isa = PBXGroup;
			children = (
				8410DF2F24F6537E0078B5AF /* Color.swift */,
			);
			path = Atoms;
			sourceTree = "<group>";
		};
		8410DF2C24F653280078B5AF /* Molecules */ = {
			isa = PBXGroup;
			children = (
				846A598024F76B92003E3E66 /* RecipeUrlButton.swift */,
				846A598224F76F43003E3E66 /* PostImageButton.swift */,
			);
			path = Molecules;
			sourceTree = "<group>";
		};
		8410DF2D24F653430078B5AF /* Organisms */ = {
			isa = PBXGroup;
			children = (
				846A597724F75C0A003E3E66 /* RecipeDetail */,
				846A595E24F7368D003E3E66 /* RecipeList */,
			);
			path = Organisms;
			sourceTree = "<group>";
		};
		8410DF2E24F653570078B5AF /* Pages */ = {
			isa = PBXGroup;
			children = (
				846A598B24F77ED6003E3E66 /* CookedRecipe */,
				846A597624F75BE5003E3E66 /* RecipeDetail */,
				846A595924F7333A003E3E66 /* RecipeList */,
				8410DF3824F659280078B5AF /* TabBar */,
			);
			path = Pages;
			sourceTree = "<group>";
		};
		8410DF3324F6557E0078B5AF /* Utilities */ = {
			isa = PBXGroup;
			children = (
				8410DF3424F655B20078B5AF /* DeviceSize.swift */,
				8410DF3624F656050078B5AF /* ViewConstructor.swift */,
				846A597424F75154003E3E66 /* TestData.swift */,
			);
			path = Utilities;
			sourceTree = "<group>";
		};
		8410DF3824F659280078B5AF /* TabBar */ = {
			isa = PBXGroup;
			children = (
				8410DF3924F6594C0078B5AF /* TabBarController.swift */,
			);
			path = TabBar;
			sourceTree = "<group>";
		};
		846A595924F7333A003E3E66 /* RecipeList */ = {
			isa = PBXGroup;
			children = (
				846A595A24F73543003E3E66 /* RecipeListViewController.swift */,
				846A595C24F73557003E3E66 /* RecipeListReactor.swift */,
			);
			path = RecipeList;
			sourceTree = "<group>";
		};
		846A595E24F7368D003E3E66 /* RecipeList */ = {
			isa = PBXGroup;
			children = (
				846A596B24F7455B003E3E66 /* RecipeListCell */,
				846A595F24F736CC003E3E66 /* RecipeListHeaderView.swift */,
			);
			path = RecipeList;
			sourceTree = "<group>";
		};
		846A596B24F7455B003E3E66 /* RecipeListCell */ = {
			isa = PBXGroup;
			children = (
				846A596C24F745AE003E3E66 /* RecipeListCell.swift */,
				846A596E24F745BE003E3E66 /* RecipeListCellReactor.swift */,
			);
			path = RecipeListCell;
			sourceTree = "<group>";
		};
		846A597024F74684003E3E66 /* BusinessLogic */ = {
			isa = PBXGroup;
			children = (
				846A597124F746C9003E3E66 /* Entity */,
			);
			path = BusinessLogic;
			sourceTree = "<group>";
		};
		846A597124F746C9003E3E66 /* Entity */ = {
			isa = PBXGroup;
			children = (
				846A597224F746DF003E3E66 /* Recipe.swift */,
				846A597C24F75CFC003E3E66 /* RecipeDetail.swift */,
				846A598424F77344003E3E66 /* CookedRecipe.swift */,
			);
			path = Entity;
			sourceTree = "<group>";
		};
		846A597624F75BE5003E3E66 /* RecipeDetail */ = {
			isa = PBXGroup;
			children = (
				846A597824F75C3C003E3E66 /* RecipeDetailViewController.swift */,
				846A597A24F75C5C003E3E66 /* RecipeDetailReactor.swift */,
			);
			path = RecipeDetail;
			sourceTree = "<group>";
		};
		846A597724F75C0A003E3E66 /* RecipeDetail */ = {
			isa = PBXGroup;
			children = (
				846A598624F774E6003E3E66 /* RecipeDetailCookedRecipe */,
				846A597E24F76121003E3E66 /* RecipeDetailHeaderView.swift */,
			);
			path = RecipeDetail;
			sourceTree = "<group>";
		};
		846A598624F774E6003E3E66 /* RecipeDetailCookedRecipe */ = {
			isa = PBXGroup;
			children = (
				846A598724F7750F003E3E66 /* RecipeDetailCookedRecipeCell.swift */,
				846A598924F77520003E3E66 /* RecipeDetailCookedRecipeReactor.swift */,
			);
			path = RecipeDetailCookedRecipe;
			sourceTree = "<group>";
		};
		846A598B24F77ED6003E3E66 /* CookedRecipe */ = {
			isa = PBXGroup;
			children = (
				846A598C24F77FDC003E3E66 /* CookedRecipeViewController.swift */,
				846A598E24F77FEF003E3E66 /* CookedRecipeReactor.swift */,
			);
			path = CookedRecipe;
			sourceTree = "<group>";
		};
		E7D54B7B3DA1B33FE71B62D5 /* Pods */ = {
			isa = PBXGroup;
			children = (
				FC8C50F6AC3CC44B9BE09573 /* Pods-DailyCook.debug.xcconfig */,
				1037179C3D5033A7275F77BD /* Pods-DailyCook.release.xcconfig */,
				B33204B7D02D874C0B4D5D21 /* Pods-DailyCook-DailyCookUITests.debug.xcconfig */,
				5C86D307C4D90914AD55A957 /* Pods-DailyCook-DailyCookUITests.release.xcconfig */,
				52178E11061F20EBFB1CF9BD /* Pods-DailyCookTests.debug.xcconfig */,
				09FF4549516AEE325257E3AB /* Pods-DailyCookTests.release.xcconfig */,
			);
			path = Pods;
			sourceTree = "<group>";
		};
/* End PBXGroup section */

/* Begin PBXNativeTarget section */
		8410DEEB24F648DF0078B5AF /* DailyCook */ = {
			isa = PBXNativeTarget;
			buildConfigurationList = 8410DF1624F648E00078B5AF /* Build configuration list for PBXNativeTarget "DailyCook" */;
			buildPhases = (
				C5A376D11A79EDCA7B667ACE /* [CP] Check Pods Manifest.lock */,
				8410DEE824F648DF0078B5AF /* Sources */,
				8410DEE924F648DF0078B5AF /* Frameworks */,
				8410DEEA24F648DF0078B5AF /* Resources */,
				B32260A9797CAF584EBFAB1E /* [CP] Embed Pods Frameworks */,
			);
			buildRules = (
			);
			dependencies = (
			);
			name = DailyCook;
			productName = DailyCook;
			productReference = 8410DEEC24F648DF0078B5AF /* DailyCook.app */;
			productType = "com.apple.product-type.application";
		};
		8410DF0124F648E00078B5AF /* DailyCookTests */ = {
			isa = PBXNativeTarget;
			buildConfigurationList = 8410DF1924F648E00078B5AF /* Build configuration list for PBXNativeTarget "DailyCookTests" */;
			buildPhases = (
				EBB124E5946751FDB684460A /* [CP] Check Pods Manifest.lock */,
				8410DEFE24F648E00078B5AF /* Sources */,
				8410DEFF24F648E00078B5AF /* Frameworks */,
				8410DF0024F648E00078B5AF /* Resources */,
			);
			buildRules = (
			);
			dependencies = (
				8410DF0424F648E00078B5AF /* PBXTargetDependency */,
			);
			name = DailyCookTests;
			productName = DailyCookTests;
			productReference = 8410DF0224F648E00078B5AF /* DailyCookTests.xctest */;
			productType = "com.apple.product-type.bundle.unit-test";
		};
		8410DF0C24F648E00078B5AF /* DailyCookUITests */ = {
			isa = PBXNativeTarget;
			buildConfigurationList = 8410DF1C24F648E00078B5AF /* Build configuration list for PBXNativeTarget "DailyCookUITests" */;
			buildPhases = (
				5427FD2B719CB1A469E0C35F /* [CP] Check Pods Manifest.lock */,
				8410DF0924F648E00078B5AF /* Sources */,
				8410DF0A24F648E00078B5AF /* Frameworks */,
				8410DF0B24F648E00078B5AF /* Resources */,
				5889927214F734EB69E9334D /* [CP] Embed Pods Frameworks */,
			);
			buildRules = (
			);
			dependencies = (
				8410DF0F24F648E00078B5AF /* PBXTargetDependency */,
			);
			name = DailyCookUITests;
			productName = DailyCookUITests;
			productReference = 8410DF0D24F648E00078B5AF /* DailyCookUITests.xctest */;
			productType = "com.apple.product-type.bundle.ui-testing";
		};
/* End PBXNativeTarget section */

/* Begin PBXProject section */
		8410DEE424F648DF0078B5AF /* Project object */ = {
			isa = PBXProject;
			attributes = {
				LastSwiftUpdateCheck = 1160;
				LastUpgradeCheck = 1160;
				ORGANIZATIONNAME = admin;
				TargetAttributes = {
					8410DEEB24F648DF0078B5AF = {
						CreatedOnToolsVersion = 11.6;
					};
					8410DF0124F648E00078B5AF = {
						CreatedOnToolsVersion = 11.6;
						TestTargetID = 8410DEEB24F648DF0078B5AF;
					};
					8410DF0C24F648E00078B5AF = {
						CreatedOnToolsVersion = 11.6;
						TestTargetID = 8410DEEB24F648DF0078B5AF;
					};
				};
			};
			buildConfigurationList = 8410DEE724F648DF0078B5AF /* Build configuration list for PBXProject "DailyCook" */;
			compatibilityVersion = "Xcode 9.3";
			developmentRegion = en;
			hasScannedForEncodings = 0;
			knownRegions = (
				en,
				Base,
			);
			mainGroup = 8410DEE324F648DF0078B5AF;
			productRefGroup = 8410DEED24F648DF0078B5AF /* Products */;
			projectDirPath = "";
			projectRoot = "";
			targets = (
				8410DEEB24F648DF0078B5AF /* DailyCook */,
				8410DF0124F648E00078B5AF /* DailyCookTests */,
				8410DF0C24F648E00078B5AF /* DailyCookUITests */,
			);
		};
/* End PBXProject section */

/* Begin PBXResourcesBuildPhase section */
		8410DEEA24F648DF0078B5AF /* Resources */ = {
			isa = PBXResourcesBuildPhase;
			buildActionMask = 2147483647;
			files = (
				8410DEFC24F648E00078B5AF /* LaunchScreen.storyboard in Resources */,
				8410DEF924F648E00078B5AF /* Preview Assets.xcassets in Resources */,
				846A596824F74448003E3E66 /* NotoSansCJKjp-Medium.otf in Resources */,
				846A596A24F74453003E3E66 /* NotoSansCJKjp-Regular.otf in Resources */,
				8410DEF624F648E00078B5AF /* Assets.xcassets in Resources */,
				846A596624F74438003E3E66 /* NotoSansCJKjp-Bold.otf in Resources */,
				846A596424F7442A003E3E66 /* NotoSansCJKjp-Black.otf in Resources */,
			);
			runOnlyForDeploymentPostprocessing = 0;
		};
		8410DF0024F648E00078B5AF /* Resources */ = {
			isa = PBXResourcesBuildPhase;
			buildActionMask = 2147483647;
			files = (
			);
			runOnlyForDeploymentPostprocessing = 0;
		};
		8410DF0B24F648E00078B5AF /* Resources */ = {
			isa = PBXResourcesBuildPhase;
			buildActionMask = 2147483647;
			files = (
			);
			runOnlyForDeploymentPostprocessing = 0;
		};
/* End PBXResourcesBuildPhase section */

/* Begin PBXShellScriptBuildPhase section */
		5427FD2B719CB1A469E0C35F /* [CP] Check Pods Manifest.lock */ = {
			isa = PBXShellScriptBuildPhase;
			buildActionMask = 2147483647;
			files = (
			);
			inputFileListPaths = (
			);
			inputPaths = (
				"${PODS_PODFILE_DIR_PATH}/Podfile.lock",
				"${PODS_ROOT}/Manifest.lock",
			);
			name = "[CP] Check Pods Manifest.lock";
			outputFileListPaths = (
			);
			outputPaths = (
				"$(DERIVED_FILE_DIR)/Pods-DailyCook-DailyCookUITests-checkManifestLockResult.txt",
			);
			runOnlyForDeploymentPostprocessing = 0;
			shellPath = /bin/sh;
			shellScript = "diff \"${PODS_PODFILE_DIR_PATH}/Podfile.lock\" \"${PODS_ROOT}/Manifest.lock\" > /dev/null\nif [ $? != 0 ] ; then\n    # print error to STDERR\n    echo \"error: The sandbox is not in sync with the Podfile.lock. Run 'pod install' or update your CocoaPods installation.\" >&2\n    exit 1\nfi\n# This output is used by Xcode 'outputs' to avoid re-running this script phase.\necho \"SUCCESS\" > \"${SCRIPT_OUTPUT_FILE_0}\"\n";
			showEnvVarsInLog = 0;
		};
		5889927214F734EB69E9334D /* [CP] Embed Pods Frameworks */ = {
			isa = PBXShellScriptBuildPhase;
			buildActionMask = 2147483647;
			files = (
			);
			inputFileListPaths = (
				"${PODS_ROOT}/Target Support Files/Pods-DailyCook-DailyCookUITests/Pods-DailyCook-DailyCookUITests-frameworks-${CONFIGURATION}-input-files.xcfilelist",
			);
			name = "[CP] Embed Pods Frameworks";
			outputFileListPaths = (
				"${PODS_ROOT}/Target Support Files/Pods-DailyCook-DailyCookUITests/Pods-DailyCook-DailyCookUITests-frameworks-${CONFIGURATION}-output-files.xcfilelist",
			);
			runOnlyForDeploymentPostprocessing = 0;
			shellPath = /bin/sh;
			shellScript = "\"${PODS_ROOT}/Target Support Files/Pods-DailyCook-DailyCookUITests/Pods-DailyCook-DailyCookUITests-frameworks.sh\"\n";
			showEnvVarsInLog = 0;
		};
		B32260A9797CAF584EBFAB1E /* [CP] Embed Pods Frameworks */ = {
			isa = PBXShellScriptBuildPhase;
			buildActionMask = 2147483647;
			files = (
			);
			inputFileListPaths = (
				"${PODS_ROOT}/Target Support Files/Pods-DailyCook/Pods-DailyCook-frameworks-${CONFIGURATION}-input-files.xcfilelist",
			);
			name = "[CP] Embed Pods Frameworks";
			outputFileListPaths = (
				"${PODS_ROOT}/Target Support Files/Pods-DailyCook/Pods-DailyCook-frameworks-${CONFIGURATION}-output-files.xcfilelist",
			);
			runOnlyForDeploymentPostprocessing = 0;
			shellPath = /bin/sh;
			shellScript = "\"${PODS_ROOT}/Target Support Files/Pods-DailyCook/Pods-DailyCook-frameworks.sh\"\n";
			showEnvVarsInLog = 0;
		};
		C5A376D11A79EDCA7B667ACE /* [CP] Check Pods Manifest.lock */ = {
			isa = PBXShellScriptBuildPhase;
			buildActionMask = 2147483647;
			files = (
			);
			inputFileListPaths = (
			);
			inputPaths = (
				"${PODS_PODFILE_DIR_PATH}/Podfile.lock",
				"${PODS_ROOT}/Manifest.lock",
			);
			name = "[CP] Check Pods Manifest.lock";
			outputFileListPaths = (
			);
			outputPaths = (
				"$(DERIVED_FILE_DIR)/Pods-DailyCook-checkManifestLockResult.txt",
			);
			runOnlyForDeploymentPostprocessing = 0;
			shellPath = /bin/sh;
			shellScript = "diff \"${PODS_PODFILE_DIR_PATH}/Podfile.lock\" \"${PODS_ROOT}/Manifest.lock\" > /dev/null\nif [ $? != 0 ] ; then\n    # print error to STDERR\n    echo \"error: The sandbox is not in sync with the Podfile.lock. Run 'pod install' or update your CocoaPods installation.\" >&2\n    exit 1\nfi\n# This output is used by Xcode 'outputs' to avoid re-running this script phase.\necho \"SUCCESS\" > \"${SCRIPT_OUTPUT_FILE_0}\"\n";
			showEnvVarsInLog = 0;
		};
		EBB124E5946751FDB684460A /* [CP] Check Pods Manifest.lock */ = {
			isa = PBXShellScriptBuildPhase;
			buildActionMask = 2147483647;
			files = (
			);
			inputFileListPaths = (
			);
			inputPaths = (
				"${PODS_PODFILE_DIR_PATH}/Podfile.lock",
				"${PODS_ROOT}/Manifest.lock",
			);
			name = "[CP] Check Pods Manifest.lock";
			outputFileListPaths = (
			);
			outputPaths = (
				"$(DERIVED_FILE_DIR)/Pods-DailyCookTests-checkManifestLockResult.txt",
			);
			runOnlyForDeploymentPostprocessing = 0;
			shellPath = /bin/sh;
			shellScript = "diff \"${PODS_PODFILE_DIR_PATH}/Podfile.lock\" \"${PODS_ROOT}/Manifest.lock\" > /dev/null\nif [ $? != 0 ] ; then\n    # print error to STDERR\n    echo \"error: The sandbox is not in sync with the Podfile.lock. Run 'pod install' or update your CocoaPods installation.\" >&2\n    exit 1\nfi\n# This output is used by Xcode 'outputs' to avoid re-running this script phase.\necho \"SUCCESS\" > \"${SCRIPT_OUTPUT_FILE_0}\"\n";
			showEnvVarsInLog = 0;
		};
/* End PBXShellScriptBuildPhase section */

/* Begin PBXSourcesBuildPhase section */
		8410DEE824F648DF0078B5AF /* Sources */ = {
			isa = PBXSourcesBuildPhase;
			buildActionMask = 2147483647;
			files = (
				8410DF3724F656050078B5AF /* ViewConstructor.swift in Sources */,
				846A597D24F75CFC003E3E66 /* RecipeDetail.swift in Sources */,
				846A596224F73B7D003E3E66 /* UIImage+Extension.swift in Sources */,
				846A598F24F77FEF003E3E66 /* CookedRecipeReactor.swift in Sources */,
				846A598524F77344003E3E66 /* CookedRecipe.swift in Sources */,
				8410DF2724F651ED0078B5AF /* UILabel+Extension.swift in Sources */,
				846A595B24F73543003E3E66 /* RecipeListViewController.swift in Sources */,
				8410DEF024F648DF0078B5AF /* AppDelegate.swift in Sources */,
				846A597924F75C3C003E3E66 /* RecipeDetailViewController.swift in Sources */,
				846A597324F746DF003E3E66 /* Recipe.swift in Sources */,
				846A596D24F745AE003E3E66 /* RecipeListCell.swift in Sources */,
				8410DF3A24F6594C0078B5AF /* TabBarController.swift in Sources */,
				8410DEF224F648DF0078B5AF /* SceneDelegate.swift in Sources */,
				846A597524F75154003E3E66 /* TestData.swift in Sources */,
				846A597B24F75C5C003E3E66 /* RecipeDetailReactor.swift in Sources */,
				846A598D24F77FDC003E3E66 /* CookedRecipeViewController.swift in Sources */,
				846A598324F76F43003E3E66 /* PostImageButton.swift in Sources */,
				846A598A24F77520003E3E66 /* RecipeDetailCookedRecipeReactor.swift in Sources */,
				8410DF3224F655390078B5AF /* DevelopingViewController.swift in Sources */,
				846A596024F736CC003E3E66 /* RecipeListHeaderView.swift in Sources */,
				846A596F24F745BE003E3E66 /* RecipeListCellReactor.swift in Sources */,
				846A598124F76B92003E3E66 /* RecipeUrlButton.swift in Sources */,
				8410DEF424F648DF0078B5AF /* ContentView.swift in Sources */,
				8410DF2924F652740078B5AF /* UIColor+Extension.swift in Sources */,
				8410DF3524F655B20078B5AF /* DeviceSize.swift in Sources */,
				846A597F24F76121003E3E66 /* RecipeDetailHeaderView.swift in Sources */,
				846A598824F7750F003E3E66 /* RecipeDetailCookedRecipeCell.swift in Sources */,
				846A595D24F73557003E3E66 /* RecipeListReactor.swift in Sources */,
				8410DF3024F6537E0078B5AF /* Color.swift in Sources */,
			);
			runOnlyForDeploymentPostprocessing = 0;
		};
		8410DEFE24F648E00078B5AF /* Sources */ = {
			isa = PBXSourcesBuildPhase;
			buildActionMask = 2147483647;
			files = (
				8410DF0724F648E00078B5AF /* DailyCookTests.swift in Sources */,
			);
			runOnlyForDeploymentPostprocessing = 0;
		};
		8410DF0924F648E00078B5AF /* Sources */ = {
			isa = PBXSourcesBuildPhase;
			buildActionMask = 2147483647;
			files = (
				8410DF1224F648E00078B5AF /* DailyCookUITests.swift in Sources */,
			);
			runOnlyForDeploymentPostprocessing = 0;
		};
/* End PBXSourcesBuildPhase section */

/* Begin PBXTargetDependency section */
		8410DF0424F648E00078B5AF /* PBXTargetDependency */ = {
			isa = PBXTargetDependency;
			target = 8410DEEB24F648DF0078B5AF /* DailyCook */;
			targetProxy = 8410DF0324F648E00078B5AF /* PBXContainerItemProxy */;
		};
		8410DF0F24F648E00078B5AF /* PBXTargetDependency */ = {
			isa = PBXTargetDependency;
			target = 8410DEEB24F648DF0078B5AF /* DailyCook */;
			targetProxy = 8410DF0E24F648E00078B5AF /* PBXContainerItemProxy */;
		};
/* End PBXTargetDependency section */

/* Begin PBXVariantGroup section */
		8410DEFA24F648E00078B5AF /* LaunchScreen.storyboard */ = {
			isa = PBXVariantGroup;
			children = (
				8410DEFB24F648E00078B5AF /* Base */,
			);
			name = LaunchScreen.storyboard;
			sourceTree = "<group>";
		};
/* End PBXVariantGroup section */

/* Begin XCBuildConfiguration section */
		8410DF1424F648E00078B5AF /* Debug */ = {
			isa = XCBuildConfiguration;
			buildSettings = {
				ALWAYS_SEARCH_USER_PATHS = NO;
				CLANG_ANALYZER_NONNULL = YES;
				CLANG_ANALYZER_NUMBER_OBJECT_CONVERSION = YES_AGGRESSIVE;
				CLANG_CXX_LANGUAGE_STANDARD = "gnu++14";
				CLANG_CXX_LIBRARY = "libc++";
				CLANG_ENABLE_MODULES = YES;
				CLANG_ENABLE_OBJC_ARC = YES;
				CLANG_ENABLE_OBJC_WEAK = YES;
				CLANG_WARN_BLOCK_CAPTURE_AUTORELEASING = YES;
				CLANG_WARN_BOOL_CONVERSION = YES;
				CLANG_WARN_COMMA = YES;
				CLANG_WARN_CONSTANT_CONVERSION = YES;
				CLANG_WARN_DEPRECATED_OBJC_IMPLEMENTATIONS = YES;
				CLANG_WARN_DIRECT_OBJC_ISA_USAGE = YES_ERROR;
				CLANG_WARN_DOCUMENTATION_COMMENTS = YES;
				CLANG_WARN_EMPTY_BODY = YES;
				CLANG_WARN_ENUM_CONVERSION = YES;
				CLANG_WARN_INFINITE_RECURSION = YES;
				CLANG_WARN_INT_CONVERSION = YES;
				CLANG_WARN_NON_LITERAL_NULL_CONVERSION = YES;
				CLANG_WARN_OBJC_IMPLICIT_RETAIN_SELF = YES;
				CLANG_WARN_OBJC_LITERAL_CONVERSION = YES;
				CLANG_WARN_OBJC_ROOT_CLASS = YES_ERROR;
				CLANG_WARN_RANGE_LOOP_ANALYSIS = YES;
				CLANG_WARN_STRICT_PROTOTYPES = YES;
				CLANG_WARN_SUSPICIOUS_MOVE = YES;
				CLANG_WARN_UNGUARDED_AVAILABILITY = YES_AGGRESSIVE;
				CLANG_WARN_UNREACHABLE_CODE = YES;
				CLANG_WARN__DUPLICATE_METHOD_MATCH = YES;
				COPY_PHASE_STRIP = NO;
				DEBUG_INFORMATION_FORMAT = dwarf;
				ENABLE_STRICT_OBJC_MSGSEND = YES;
				ENABLE_TESTABILITY = YES;
				GCC_C_LANGUAGE_STANDARD = gnu11;
				GCC_DYNAMIC_NO_PIC = NO;
				GCC_NO_COMMON_BLOCKS = YES;
				GCC_OPTIMIZATION_LEVEL = 0;
				GCC_PREPROCESSOR_DEFINITIONS = (
					"DEBUG=1",
					"$(inherited)",
				);
				GCC_WARN_64_TO_32_BIT_CONVERSION = YES;
				GCC_WARN_ABOUT_RETURN_TYPE = YES_ERROR;
				GCC_WARN_UNDECLARED_SELECTOR = YES;
				GCC_WARN_UNINITIALIZED_AUTOS = YES_AGGRESSIVE;
				GCC_WARN_UNUSED_FUNCTION = YES;
				GCC_WARN_UNUSED_VARIABLE = YES;
				IPHONEOS_DEPLOYMENT_TARGET = 13.6;
				MTL_ENABLE_DEBUG_INFO = INCLUDE_SOURCE;
				MTL_FAST_MATH = YES;
				ONLY_ACTIVE_ARCH = YES;
				SDKROOT = iphoneos;
				SWIFT_ACTIVE_COMPILATION_CONDITIONS = DEBUG;
				SWIFT_OPTIMIZATION_LEVEL = "-Onone";
			};
			name = Debug;
		};
		8410DF1524F648E00078B5AF /* Release */ = {
			isa = XCBuildConfiguration;
			buildSettings = {
				ALWAYS_SEARCH_USER_PATHS = NO;
				CLANG_ANALYZER_NONNULL = YES;
				CLANG_ANALYZER_NUMBER_OBJECT_CONVERSION = YES_AGGRESSIVE;
				CLANG_CXX_LANGUAGE_STANDARD = "gnu++14";
				CLANG_CXX_LIBRARY = "libc++";
				CLANG_ENABLE_MODULES = YES;
				CLANG_ENABLE_OBJC_ARC = YES;
				CLANG_ENABLE_OBJC_WEAK = YES;
				CLANG_WARN_BLOCK_CAPTURE_AUTORELEASING = YES;
				CLANG_WARN_BOOL_CONVERSION = YES;
				CLANG_WARN_COMMA = YES;
				CLANG_WARN_CONSTANT_CONVERSION = YES;
				CLANG_WARN_DEPRECATED_OBJC_IMPLEMENTATIONS = YES;
				CLANG_WARN_DIRECT_OBJC_ISA_USAGE = YES_ERROR;
				CLANG_WARN_DOCUMENTATION_COMMENTS = YES;
				CLANG_WARN_EMPTY_BODY = YES;
				CLANG_WARN_ENUM_CONVERSION = YES;
				CLANG_WARN_INFINITE_RECURSION = YES;
				CLANG_WARN_INT_CONVERSION = YES;
				CLANG_WARN_NON_LITERAL_NULL_CONVERSION = YES;
				CLANG_WARN_OBJC_IMPLICIT_RETAIN_SELF = YES;
				CLANG_WARN_OBJC_LITERAL_CONVERSION = YES;
				CLANG_WARN_OBJC_ROOT_CLASS = YES_ERROR;
				CLANG_WARN_RANGE_LOOP_ANALYSIS = YES;
				CLANG_WARN_STRICT_PROTOTYPES = YES;
				CLANG_WARN_SUSPICIOUS_MOVE = YES;
				CLANG_WARN_UNGUARDED_AVAILABILITY = YES_AGGRESSIVE;
				CLANG_WARN_UNREACHABLE_CODE = YES;
				CLANG_WARN__DUPLICATE_METHOD_MATCH = YES;
				COPY_PHASE_STRIP = NO;
				DEBUG_INFORMATION_FORMAT = "dwarf-with-dsym";
				ENABLE_NS_ASSERTIONS = NO;
				ENABLE_STRICT_OBJC_MSGSEND = YES;
				GCC_C_LANGUAGE_STANDARD = gnu11;
				GCC_NO_COMMON_BLOCKS = YES;
				GCC_WARN_64_TO_32_BIT_CONVERSION = YES;
				GCC_WARN_ABOUT_RETURN_TYPE = YES_ERROR;
				GCC_WARN_UNDECLARED_SELECTOR = YES;
				GCC_WARN_UNINITIALIZED_AUTOS = YES_AGGRESSIVE;
				GCC_WARN_UNUSED_FUNCTION = YES;
				GCC_WARN_UNUSED_VARIABLE = YES;
				IPHONEOS_DEPLOYMENT_TARGET = 13.6;
				MTL_ENABLE_DEBUG_INFO = NO;
				MTL_FAST_MATH = YES;
				SDKROOT = iphoneos;
				SWIFT_COMPILATION_MODE = wholemodule;
				SWIFT_OPTIMIZATION_LEVEL = "-O";
				VALIDATE_PRODUCT = YES;
			};
			name = Release;
		};
		8410DF1724F648E00078B5AF /* Debug */ = {
			isa = XCBuildConfiguration;
			baseConfigurationReference = FC8C50F6AC3CC44B9BE09573 /* Pods-DailyCook.debug.xcconfig */;
			buildSettings = {
				ASSETCATALOG_COMPILER_APPICON_NAME = AppIcon;
				CODE_SIGN_STYLE = Automatic;
				DEVELOPMENT_ASSET_PATHS = "\"DailyCook/Preview Content\"";
				DEVELOPMENT_TEAM = MYUAB72A7J;
				ENABLE_PREVIEWS = YES;
				INFOPLIST_FILE = DailyCook/Info.plist;
				LD_RUNPATH_SEARCH_PATHS = (
					"$(inherited)",
					"@executable_path/Frameworks",
				);
				PRODUCT_BUNDLE_IDENTIFIER = com.akihiro.DailyCook;
				PRODUCT_NAME = "$(TARGET_NAME)";
				SWIFT_VERSION = 5.0;
				TARGETED_DEVICE_FAMILY = "1,2";
			};
			name = Debug;
		};
		8410DF1824F648E00078B5AF /* Release */ = {
			isa = XCBuildConfiguration;
			baseConfigurationReference = 1037179C3D5033A7275F77BD /* Pods-DailyCook.release.xcconfig */;
			buildSettings = {
				ASSETCATALOG_COMPILER_APPICON_NAME = AppIcon;
				CODE_SIGN_STYLE = Automatic;
				DEVELOPMENT_ASSET_PATHS = "\"DailyCook/Preview Content\"";
				DEVELOPMENT_TEAM = MYUAB72A7J;
				ENABLE_PREVIEWS = YES;
				INFOPLIST_FILE = DailyCook/Info.plist;
				LD_RUNPATH_SEARCH_PATHS = (
					"$(inherited)",
					"@executable_path/Frameworks",
				);
				PRODUCT_BUNDLE_IDENTIFIER = com.akihiro.DailyCook;
				PRODUCT_NAME = "$(TARGET_NAME)";
				SWIFT_VERSION = 5.0;
				TARGETED_DEVICE_FAMILY = "1,2";
			};
			name = Release;
		};
		8410DF1A24F648E00078B5AF /* Debug */ = {
			isa = XCBuildConfiguration;
			baseConfigurationReference = 52178E11061F20EBFB1CF9BD /* Pods-DailyCookTests.debug.xcconfig */;
			buildSettings = {
				ALWAYS_EMBED_SWIFT_STANDARD_LIBRARIES = YES;
				BUNDLE_LOADER = "$(TEST_HOST)";
				CODE_SIGN_STYLE = Automatic;
				DEVELOPMENT_TEAM = MYUAB72A7J;
				INFOPLIST_FILE = DailyCookTests/Info.plist;
				IPHONEOS_DEPLOYMENT_TARGET = 13.6;
				LD_RUNPATH_SEARCH_PATHS = (
					"$(inherited)",
					"@executable_path/Frameworks",
					"@loader_path/Frameworks",
				);
				PRODUCT_BUNDLE_IDENTIFIER = com.akihiro.DailyCookTests;
				PRODUCT_NAME = "$(TARGET_NAME)";
				SWIFT_VERSION = 5.0;
				TARGETED_DEVICE_FAMILY = "1,2";
				TEST_HOST = "$(BUILT_PRODUCTS_DIR)/DailyCook.app/DailyCook";
			};
			name = Debug;
		};
		8410DF1B24F648E00078B5AF /* Release */ = {
			isa = XCBuildConfiguration;
			baseConfigurationReference = 09FF4549516AEE325257E3AB /* Pods-DailyCookTests.release.xcconfig */;
			buildSettings = {
				ALWAYS_EMBED_SWIFT_STANDARD_LIBRARIES = YES;
				BUNDLE_LOADER = "$(TEST_HOST)";
				CODE_SIGN_STYLE = Automatic;
				DEVELOPMENT_TEAM = MYUAB72A7J;
				INFOPLIST_FILE = DailyCookTests/Info.plist;
				IPHONEOS_DEPLOYMENT_TARGET = 13.6;
				LD_RUNPATH_SEARCH_PATHS = (
					"$(inherited)",
					"@executable_path/Frameworks",
					"@loader_path/Frameworks",
				);
				PRODUCT_BUNDLE_IDENTIFIER = com.akihiro.DailyCookTests;
				PRODUCT_NAME = "$(TARGET_NAME)";
				SWIFT_VERSION = 5.0;
				TARGETED_DEVICE_FAMILY = "1,2";
				TEST_HOST = "$(BUILT_PRODUCTS_DIR)/DailyCook.app/DailyCook";
			};
			name = Release;
		};
		8410DF1D24F648E00078B5AF /* Debug */ = {
			isa = XCBuildConfiguration;
			baseConfigurationReference = B33204B7D02D874C0B4D5D21 /* Pods-DailyCook-DailyCookUITests.debug.xcconfig */;
			buildSettings = {
				ALWAYS_EMBED_SWIFT_STANDARD_LIBRARIES = YES;
				CODE_SIGN_STYLE = Automatic;
				DEVELOPMENT_TEAM = MYUAB72A7J;
				INFOPLIST_FILE = DailyCookUITests/Info.plist;
				LD_RUNPATH_SEARCH_PATHS = (
					"$(inherited)",
					"@executable_path/Frameworks",
					"@loader_path/Frameworks",
				);
				PRODUCT_BUNDLE_IDENTIFIER = com.akihiro.DailyCookUITests;
				PRODUCT_NAME = "$(TARGET_NAME)";
				SWIFT_VERSION = 5.0;
				TARGETED_DEVICE_FAMILY = "1,2";
				TEST_TARGET_NAME = DailyCook;
			};
			name = Debug;
		};
		8410DF1E24F648E00078B5AF /* Release */ = {
			isa = XCBuildConfiguration;
			baseConfigurationReference = 5C86D307C4D90914AD55A957 /* Pods-DailyCook-DailyCookUITests.release.xcconfig */;
			buildSettings = {
				ALWAYS_EMBED_SWIFT_STANDARD_LIBRARIES = YES;
				CODE_SIGN_STYLE = Automatic;
				DEVELOPMENT_TEAM = MYUAB72A7J;
				INFOPLIST_FILE = DailyCookUITests/Info.plist;
				LD_RUNPATH_SEARCH_PATHS = (
					"$(inherited)",
					"@executable_path/Frameworks",
					"@loader_path/Frameworks",
				);
				PRODUCT_BUNDLE_IDENTIFIER = com.akihiro.DailyCookUITests;
				PRODUCT_NAME = "$(TARGET_NAME)";
				SWIFT_VERSION = 5.0;
				TARGETED_DEVICE_FAMILY = "1,2";
				TEST_TARGET_NAME = DailyCook;
			};
			name = Release;
		};
/* End XCBuildConfiguration section */

/* Begin XCConfigurationList section */
		8410DEE724F648DF0078B5AF /* Build configuration list for PBXProject "DailyCook" */ = {
			isa = XCConfigurationList;
			buildConfigurations = (
				8410DF1424F648E00078B5AF /* Debug */,
				8410DF1524F648E00078B5AF /* Release */,
			);
			defaultConfigurationIsVisible = 0;
			defaultConfigurationName = Release;
		};
		8410DF1624F648E00078B5AF /* Build configuration list for PBXNativeTarget "DailyCook" */ = {
			isa = XCConfigurationList;
			buildConfigurations = (
				8410DF1724F648E00078B5AF /* Debug */,
				8410DF1824F648E00078B5AF /* Release */,
			);
			defaultConfigurationIsVisible = 0;
			defaultConfigurationName = Release;
		};
		8410DF1924F648E00078B5AF /* Build configuration list for PBXNativeTarget "DailyCookTests" */ = {
			isa = XCConfigurationList;
			buildConfigurations = (
				8410DF1A24F648E00078B5AF /* Debug */,
				8410DF1B24F648E00078B5AF /* Release */,
			);
			defaultConfigurationIsVisible = 0;
			defaultConfigurationName = Release;
		};
		8410DF1C24F648E00078B5AF /* Build configuration list for PBXNativeTarget "DailyCookUITests" */ = {
			isa = XCConfigurationList;
			buildConfigurations = (
				8410DF1D24F648E00078B5AF /* Debug */,
				8410DF1E24F648E00078B5AF /* Release */,
			);
			defaultConfigurationIsVisible = 0;
			defaultConfigurationName = Release;
		};
/* End XCConfigurationList section */
	};
	rootObject = 8410DEE424F648DF0078B5AF /* Project object */;
}
